
Microsoft Visual Studio Solution File, Format Version 12.00
# Visual Studio Version 17
VisualStudioVersion = 17.4.33205.214
MinimumVisualStudioVersion = 10.0.40219.1
Project("{FAE04EC0-301F-11D3-BF4B-00C04F79EFBC}") = "Reflection267Batch", "Reflection267Batch\Reflection267Batch.csproj", "{EBCCC969-93AE-477F-8EBE-73E993FCF5F3}"
EndProject
Global
	GlobalSection(SolutionConfigurationPlatforms) = preSolution
		Debug|Any CPU = Debug|Any CPU
		Release|Any CPU = Release|Any CPU
	EndGlobalSection
	GlobalSection(ProjectConfigurationPlatforms) = postSolution
		{EBCCC969-93AE-477F-8EBE-73E993FCF5F3}.Debug|Any CPU.ActiveCfg = Debug|Any CPU
		{EBCCC969-93AE-477F-8EBE-73E993FCF5F3}.Debug|Any CPU.Build.0 = Debug|Any CPU
		{EBCCC969-93AE-477F-8EBE-73E993FCF5F3}.Release|Any CPU.ActiveCfg = Release|Any CPU
		{EBCCC969-93AE-477F-8EBE-73E993FCF5F3}.Release|Any CPU.Build.0 = Release|Any CPU
	EndGlobalSection
	GlobalSection(SolutionProperties) = preSolution
		HideSolutionNode = FALSE
	EndGlobalSection
	GlobalSection(ExtensibilityGlobals) = postSolution
		SolutionGuid = {B1104822-2867-4264-BB52-1D766FE4379C}
	EndGlobalSection
EndGlobal
